// !$*UTF8*$!
{
	archiveVersion = 1;
	classes = {
	};
	objectVersion = 48;
	objects = {

/* Begin PBXBuildFile section */
		1AB847C61FEA659E009DF2CA /* SplitViewController.m in Sources */ = {isa = PBXBuildFile; fileRef = 1AB847C51FEA659E009DF2CA /* SplitViewController.m */; };
		1AB847C91FEA6A79009DF2CA /* SideBarViewController.m in Sources */ = {isa = PBXBuildFile; fileRef = 1AB847C81FEA6A79009DF2CA /* SideBarViewController.m */; };
		1AFB53C01FD943F5003BCFA3 /* AppDelegate.m in Sources */ = {isa = PBXBuildFile; fileRef = 1AFB53BF1FD943F5003BCFA3 /* AppDelegate.m */; };
		1AFB53C31FD943F5003BCFA3 /* ViewController.m in Sources */ = {isa = PBXBuildFile; fileRef = 1AFB53C21FD943F5003BCFA3 /* ViewController.m */; };
		1AFB53C61FD943F5003BCFA3 /* Main.storyboard in Resources */ = {isa = PBXBuildFile; fileRef = 1AFB53C41FD943F5003BCFA3 /* Main.storyboard */; };
		1AFB53C81FD943F5003BCFA3 /* Assets.xcassets in Resources */ = {isa = PBXBuildFile; fileRef = 1AFB53C71FD943F5003BCFA3 /* Assets.xcassets */; };
		1AFB53CB1FD943F5003BCFA3 /* LaunchScreen.storyboard in Resources */ = {isa = PBXBuildFile; fileRef = 1AFB53C91FD943F5003BCFA3 /* LaunchScreen.storyboard */; };
		1AFB53CE1FD943F5003BCFA3 /* main.m in Sources */ = {isa = PBXBuildFile; fileRef = 1AFB53CD1FD943F5003BCFA3 /* main.m */; };
/* End PBXBuildFile section */

/* Begin PBXFileReference section */
		1AB847C41FEA659E009DF2CA /* SplitViewController.h */ = {isa = PBXFileReference; lastKnownFileType = sourcecode.c.h; path = SplitViewController.h; sourceTree = "<group>"; };
		1AB847C51FEA659E009DF2CA /* SplitViewController.m */ = {isa = PBXFileReference; lastKnownFileType = sourcecode.c.objc; path = SplitViewController.m; sourceTree = "<group>"; };
		1AB847C71FEA6A79009DF2CA /* SideBarViewController.h */ = {isa = PBXFileReference; lastKnownFileType = sourcecode.c.h; path = SideBarViewController.h; sourceTree = "<group>"; };
		1AB847C81FEA6A79009DF2CA /* SideBarViewController.m */ = {isa = PBXFileReference; lastKnownFileType = sourcecode.c.objc; path = SideBarViewController.m; sourceTree = "<group>"; };
		1AFB53BB1FD943F5003BCFA3 /* UIViewControllerDemo.app */ = {isa = PBXFileReference; explicitFileType = wrapper.application; includeInIndex = 0; path = UIViewControllerDemo.app; sourceTree = BUILT_PRODUCTS_DIR; };
		1AFB53BE1FD943F5003BCFA3 /* AppDelegate.h */ = {isa = PBXFileReference; lastKnownFileType = sourcecode.c.h; path = AppDelegate.h; sourceTree = "<group>"; };
		1AFB53BF1FD943F5003BCFA3 /* AppDelegate.m */ = {isa = PBXFileReference; lastKnownFileType = sourcecode.c.objc; path = AppDelegate.m; sourceTree = "<group>"; };
		1AFB53C11FD943F5003BCFA3 /* ViewController.h */ = {isa = PBXFileReference; lastKnownFileType = sourcecode.c.h; path = ViewController.h; sourceTree = "<group>"; };
		1AFB53C21FD943F5003BCFA3 /* ViewController.m */ = {isa = PBXFileReference; lastKnownFileType = sourcecode.c.objc; path = ViewController.m; sourceTree = "<group>"; };
		1AFB53C51FD943F5003BCFA3 /* Base */ = {isa = PBXFileReference; lastKnownFileType = file.storyboard; name = Base; path = Base.lproj/Main.storyboard; sourceTree = "<group>"; };
		1AFB53C71FD943F5003BCFA3 /* Assets.xcassets */ = {isa = PBXFileReference; lastKnownFileType = folder.assetcatalog; path = Assets.xcassets; sourceTree = "<group>"; };
		1AFB53CA1FD943F5003BCFA3 /* Base */ = {isa = PBXFileReference; lastKnownFileType = file.storyboard; name = Base; path = Base.lproj/LaunchScreen.storyboard; sourceTree = "<group>"; };
		1AFB53CC1FD943F5003BCFA3 /* Info.plist */ = {isa = PBXFileReference; lastKnownFileType = text.plist.xml; path = Info.plist; sourceTree = "<group>"; };
		1AFB53CD1FD943F5003BCFA3 /* main.m */ = {isa = PBXFileReference; lastKnownFileType = sourcecode.c.objc; path = main.m; sourceTree = "<group>"; };
/* End PBXFileReference section */

/* Begin PBXFrameworksBuildPhase section */
		1AFB53B81FD943F5003BCFA3 /* Frameworks */ = {
			isa = PBXFrameworksBuildPhase;
			buildActionMask = 2147483647;
			files = (
			);
			runOnlyForDeploymentPostprocessing = 0;
		};
/* End PBXFrameworksBuildPhase section */

/* Begin PBXGroup section */
		1AFB53B21FD943F4003BCFA3 = {
			isa = PBXGroup;
			children = (
				1AFB53BD1FD943F5003BCFA3 /* UIViewControllerDemo */,
				1AFB53BC1FD943F5003BCFA3 /* Products */,
			);
			sourceTree = "<group>";
		};
		1AFB53BC1FD943F5003BCFA3 /* Products */ = {
			isa = PBXGroup;
			children = (
				1AFB53BB1FD943F5003BCFA3 /* UIViewControllerDemo.app */,
			);
			name = Products;
			sourceTree = "<group>";
		};
		1AFB53BD1FD943F5003BCFA3 /* UIViewControllerDemo */ = {
			isa = PBXGroup;
			children = (
				1AFB53BE1FD943F5003BCFA3 /* AppDelegate.h */,
				1AFB53BF1FD943F5003BCFA3 /* AppDelegate.m */,
				1AFB53C11FD943F5003BCFA3 /* ViewController.h */,
				1AFB53C21FD943F5003BCFA3 /* ViewController.m */,
				1AB847C41FEA659E009DF2CA /* SplitViewController.h */,
				1AB847C51FEA659E009DF2CA /* SplitViewController.m */,
				1AB847C71FEA6A79009DF2CA /* SideBarViewController.h */,
				1AB847C81FEA6A79009DF2CA /* SideBarViewController.m */,
				1AFB53C41FD943F5003BCFA3 /* Main.storyboard */,
				1AFB53C71FD943F5003BCFA3 /* Assets.xcassets */,
				1AFB53C91FD943F5003BCFA3 /* LaunchScreen.storyboard */,
				1AFB53CC1FD943F5003BCFA3 /* Info.plist */,
				1AFB53CD1FD943F5003BCFA3 /* main.m */,
			);
			path = UIViewControllerDemo;
			sourceTree = "<group>";
		};
/* End PBXGroup section */

/* Begin PBXNativeTarget section */
		1AFB53BA1FD943F5003BCFA3 /* UIViewControllerDemo */ = {
			isa = PBXNativeTarget;
			buildConfigurationList = 1AFB53D11FD943F5003BCFA3 /* Build configuration list for PBXNativeTarget "UIViewControllerDemo" */;
			buildPhases = (
				1AFB53B71FD943F5003BCFA3 /* Sources */,
				1AFB53B81FD943F5003BCFA3 /* Frameworks */,
				1AFB53B91FD943F5003BCFA3 /* Resources */,
			);
			buildRules = (
			);
			dependencies = (
			);
			name = UIViewControllerDemo;
			productName = UIViewControllerDemo;
			productReference = 1AFB53BB1FD943F5003BCFA3 /* UIViewControllerDemo.app */;
			productType = "com.apple.product-type.application";
		};
/* End PBXNativeTarget section */

/* Begin PBXProject section */
		1AFB53B31FD943F5003BCFA3 /* Project object */ = {
			isa = PBXProject;
			attributes = {
				LastUpgradeCheck = 0910;
				ORGANIZATIONNAME = "讯心科技";
				TargetAttributes = {
					1AFB53BA1FD943F5003BCFA3 = {
						CreatedOnToolsVersion = 9.1;
						ProvisioningStyle = Manual;
					};
				};
			};
			buildConfigurationList = 1AFB53B61FD943F5003BCFA3 /* Build configuration list for PBXProject "UIViewControllerDemo" */;
			compatibilityVersion = "Xcode 8.0";
			developmentRegion = en;
			hasScannedForEncodings = 0;
			knownRegions = (
				en,
				Base,
			);
			mainGroup = 1AFB53B21FD943F4003BCFA3;
			productRefGroup = 1AFB53BC1FD943F5003BCFA3 /* Products */;
			projectDirPath = "";
			projectRoot = "";
			targets = (
				1AFB53BA1FD943F5003BCFA3 /* UIViewControllerDemo */,
			);
		};
/* End PBXProject section */

/* Begin PBXResourcesBuildPhase section */
		1AFB53B91FD943F5003BCFA3 /* Resources */ = {
			isa = PBXResourcesBuildPhase;
			buildActionMask = 2147483647;
			files = (
				1AFB53CB1FD943F5003BCFA3 /* LaunchScreen.storyboard in Resources */,
				1AFB53C81FD943F5003BCFA3 /* Assets.xcassets in Resources */,
				1AFB53C61FD943F5003BCFA3 /* Main.storyboard in Resources */,
			);
			runOnlyForDeploymentPostprocessing = 0;
		};
/* End PBXResourcesBuildPhase section */

/* Begin PBXSourcesBuildPhase section */
		1AFB53B71FD943F5003BCFA3 /* Sources */ = {
			isa = PBXSourcesBuildPhase;
			buildActionMask = 2147483647;
			files = (
				1AFB53C31FD943F5003BCFA3 /* ViewController.m in Sources */,
				1AFB53CE1FD943F5003BCFA3 /* main.m in Sources */,
				1AFB53C01FD943F5003BCFA3 /* AppDelegate.m in Sources */,
				1AB847C91FEA6A79009DF2CA /* SideBarViewController.m in Sources */,
				1AB847C61FEA659E009DF2CA /* SplitViewController.m in Sources */,
			);
			runOnlyForDeploymentPostprocessing = 0;
		};
/* End PBXSourcesBuildPhase section */

/* Begin PBXVariantGroup section */
		1AFB53C41FD943F5003BCFA3 /* Main.storyboard */ = {
			isa = PBXVariantGroup;
			children = (
				1AFB53C51FD943F5003BCFA3 /* Base */,
			);
			name = Main.storyboard;
			sourceTree = "<group>";
		};
		1AFB53C91FD943F5003BCFA3 /* LaunchScreen.storyboard */ = {
			isa = PBXVariantGroup;
			children = (
				1AFB53CA1FD943F5003BCFA3 /* Base */,
			);
			name = LaunchScreen.storyboard;
			sourceTree = "<group>";
		};
/* End PBXVariantGroup section */

/* Begin XCBuildConfiguration section */
		1AFB53CF1FD943F5003BCFA3 /* Debug */ = {
			isa = XCBuildConfiguration;
			buildSettings = {
				ALWAYS_SEARCH_USER_PATHS = NO;
				CLANG_ANALYZER_NONNULL = YES;
				CLANG_ANALYZER_NUMBER_OBJECT_CONVERSION = YES_AGGRESSIVE;
				CLANG_CXX_LANGUAGE_STANDARD = "gnu++14";
				CLANG_CXX_LIBRARY = "libc++";
				CLANG_ENABLE_MODULES = YES;
				CLANG_ENABLE_OBJC_ARC = YES;
				CLANG_WARN_BLOCK_CAPTURE_AUTORELEASING = YES;
				CLANG_WARN_BOOL_CONVERSION = YES;
				CLANG_WARN_COMMA = YES;
				CLANG_WARN_CONSTANT_CONVERSION = YES;
				CLANG_WARN_DIRECT_OBJC_ISA_USAGE = YES_ERROR;
				CLANG_WARN_DOCUMENTATION_COMMENTS = YES;
				CLANG_WARN_EMPTY_BODY = YES;
				CLANG_WARN_ENUM_CONVERSION = YES;
				CLANG_WARN_INFINITE_RECURSION = YES;
				CLANG_WARN_INT_CONVERSION = YES;
				CLANG_WARN_NON_LITERAL_NULL_CONVERSION = YES;
				CLANG_WARN_OBJC_LITERAL_CONVERSION = YES;
				CLANG_WARN_OBJC_ROOT_CLASS = YES_ERROR;
				CLANG_WARN_RANGE_LOOP_ANALYSIS = YES;
				CLANG_WARN_STRICT_PROTOTYPES = YES;
				CLANG_WARN_SUSPICIOUS_MOVE = YES;
				CLANG_WARN_UNGUARDED_AVAILABILITY = YES_AGGRESSIVE;
				CLANG_WARN_UNREACHABLE_CODE = YES;
				CLANG_WARN__DUPLICATE_METHOD_MATCH = YES;
				CODE_SIGN_IDENTITY = "iPhone Developer";
				COPY_PHASE_STRIP = NO;
				DEBUG_INFORMATION_FORMAT = dwarf;
				ENABLE_STRICT_OBJC_MSGSEND = YES;
				ENABLE_TESTABILITY = YES;
				GCC_C_LANGUAGE_STANDARD = gnu11;
				GCC_DYNAMIC_NO_PIC = NO;
				GCC_NO_COMMON_BLOCKS = YES;
				GCC_OPTIMIZATION_LEVEL = 0;
				GCC_PREPROCESSOR_DEFINITIONS = (
					"DEBUG=1",
					"$(inherited)",
				);
				GCC_WARN_64_TO_32_BIT_CONVERSION = YES;
				GCC_WARN_ABOUT_RETURN_TYPE = YES_ERROR;
				GCC_WARN_UNDECLARED_SELECTOR = YES;
				GCC_WARN_UNINITIALIZED_AUTOS = YES_AGGRESSIVE;
				GCC_WARN_UNUSED_FUNCTION = YES;
				GCC_WARN_UNUSED_VARIABLE = YES;
				IPHONEOS_DEPLOYMENT_TARGET = 8.0;
				MTL_ENABLE_DEBUG_INFO = YES;
				ONLY_ACTIVE_ARCH = YES;
				SDKROOT = iphoneos;
			};
			name = Debug;
		};
		1AFB53D01FD943F5003BCFA3 /* Release */ = {
			isa = XCBuildConfiguration;
			buildSettings = {
				ALWAYS_SEARCH_USER_PATHS = NO;
				CLANG_ANALYZER_NONNULL = YES;
				CLANG_ANALYZER_NUMBER_OBJECT_CONVERSION = YES_AGGRESSIVE;
				CLANG_CXX_LANGUAGE_STANDARD = "gnu++14";
				CLANG_CXX_LIBRARY = "libc++";
				CLANG_ENABLE_MODULES = YES;
				CLANG_ENABLE_OBJC_ARC = YES;
				CLANG_WARN_BLOCK_CAPTURE_AUTORELEASING = YES;
				CLANG_WARN_BOOL_CONVERSION = YES;
				CLANG_WARN_COMMA = YES;
				CLANG_WARN_CONSTANT_CONVERSION = YES;
				CLANG_WARN_DIRECT_OBJC_ISA_USAGE = YES_ERROR;
				CLANG_WARN_DOCUMENTATION_COMMENTS = YES;
				CLANG_WARN_EMPTY_BODY = YES;
				CLANG_WARN_ENUM_CONVERSION = YES;
				CLANG_WARN_INFINITE_RECURSION = YES;
				CLANG_WARN_INT_CONVERSION = YES;
				CLANG_WARN_NON_LITERAL_NULL_CONVERSION = YES;
				CLANG_WARN_OBJC_LITERAL_CONVERSION = YES;
				CLANG_WARN_OBJC_ROOT_CLASS = YES_ERROR;
				CLANG_WARN_RANGE_LOOP_ANALYSIS = YES;
				CLANG_WARN_STRICT_PROTOTYPES = YES;
				CLANG_WARN_SUSPICIOUS_MOVE = YES;
				CLANG_WARN_UNGUARDED_AVAILABILITY = YES_AGGRESSIVE;
				CLANG_WARN_UNREACHABLE_CODE = YES;
				CLANG_WARN__DUPLICATE_METHOD_MATCH = YES;
				CODE_SIGN_IDENTITY = "iPhone Developer";
				COPY_PHASE_STRIP = NO;
				DEBUG_INFORMATION_FORMAT = "dwarf-with-dsym";
				ENABLE_NS_ASSERTIONS = NO;
				ENABLE_STRICT_OBJC_MSGSEND = YES;
				GCC_C_LANGUAGE_STANDARD = gnu11;
				GCC_NO_COMMON_BLOCKS = YES;
				GCC_WARN_64_TO_32_BIT_CONVERSION = YES;
				GCC_WARN_ABOUT_RETURN_TYPE = YES_ERROR;
				GCC_WARN_UNDECLARED_SELECTOR = YES;
				GCC_WARN_UNINITIALIZED_AUTOS = YES_AGGRESSIVE;
				GCC_WARN_UNUSED_FUNCTION = YES;
				GCC_WARN_UNUSED_VARIABLE = YES;
				IPHONEOS_DEPLOYMENT_TARGET = 8.0;
				MTL_ENABLE_DEBUG_INFO = NO;
				SDKROOT = iphoneos;
				VALIDATE_PRODUCT = YES;
			};
			name = Release;
		};
		1AFB53D21FD943F5003BCFA3 /* Debug */ = {
			isa = XCBuildConfiguration;
			buildSettings = {
				ASSETCATALOG_COMPILER_APPICON_NAME = AppIcon;
				CODE_SIGN_STYLE = Manual;
				DEVELOPMENT_TEAM = "";
				INFOPLIST_FILE = UIViewControllerDemo/Info.plist;
				IPHONEOS_DEPLOYMENT_TARGET = 8.0;
				LD_RUNPATH_SEARCH_PATHS = "$(inherited) @executable_path/Frameworks";
				PRODUCT_BUNDLE_IDENTIFIER = com.xunxin.UIViewControllerDemo;
				PRODUCT_NAME = "$(TARGET_NAME)";
				PROVISIONING_PROFILE_SPECIFIER = "";
				TARGETED_DEVICE_FAMILY = "1,2";
			};
			name = Debug;
		};
		1AFB53D31FD943F5003BCFA3 /* Release */ = {
			isa = XCBuildConfiguration;
			buildSettings = {
				ASSETCATALOG_COMPILER_APPICON_NAME = AppIcon;
				CODE_SIGN_STYLE = Manual;
				DEVELOPMENT_TEAM = "";
				INFOPLIST_FILE = UIViewControllerDemo/Info.plist;
				IPHONEOS_DEPLOYMENT_TARGET = 8.0;
				LD_RUNPATH_SEARCH_PATHS = "$(inherited) @executable_path/Frameworks";
				PRODUCT_BUNDLE_IDENTIFIER = com.xunxin.UIViewControllerDemo;
				PRODUCT_NAME = "$(TARGET_NAME)";
				PROVISIONING_PROFILE_SPECIFIER = "";
				TARGETED_DEVICE_FAMILY = "1,2";
			};
			name = Release;
		};
/* End XCBuildConfiguration section */

/* Begin XCConfigurationList section */
		1AFB53B61FD943F5003BCFA3 /* Build configuration list for PBXProject "UIViewControllerDemo" */ = {
			isa = XCConfigurationList;
			buildConfigurations = (
				1AFB53CF1FD943F5003BCFA3 /* Debug */,
				1AFB53D01FD943F5003BCFA3 /* Release */,
			);
			defaultConfigurationIsVisible = 0;
			defaultConfigurationName = Release;
		};
		1AFB53D11FD943F5003BCFA3 /* Build configuration list for PBXNativeTarget "UIViewControllerDemo" */ = {
			isa = XCConfigurationList;
			buildConfigurations = (
				1AFB53D21FD943F5003BCFA3 /* Debug */,
				1AFB53D31FD943F5003BCFA3 /* Release */,
			);
			defaultConfigurationIsVisible = 0;
			defaultConfigurationName = Release;
		};
/* End XCConfigurationList section */
	};
	rootObject = 1AFB53B31FD943F5003BCFA3 /* Project object */;
}
