// !$*UTF8*$!
{
	archiveVersion = 1;
	classes = {
	};
	objectVersion = 48;
	objects = {

/* Begin PBXBuildFile section */
		1A76A97120109A7F00935AE4 /* CustomContainerViewController.m in Sources */ = {isa = PBXBuildFile; fileRef = 1A76A97020109A7F00935AE4 /* CustomContainerViewController.m */; };
		1A9F3270205276E500DB89CC /* CustomChildViewController.m in Sources */ = {isa = PBXBuildFile; fileRef = 1A9F326F205276E500DB89CC /* CustomChildViewController.m */; };
		1A9F327320561DF100DB89CC /* CurrentPresentedViewController.m in Sources */ = {isa = PBXBuildFile; fileRef = 1A9F327220561DF100DB89CC /* CurrentPresentedViewController.m */; };
		1A9F327620562F9D00DB89CC /* ContainerViewController.m in Sources */ = {isa = PBXBuildFile; fileRef = 1A9F327520562F9D00DB89CC /* ContainerViewController.m */; };
		1A9F3279205652B400DB89CC /* ChildViewController.m in Sources */ = {isa = PBXBuildFile; fileRef = 1A9F3278205652B400DB89CC /* ChildViewController.m */; };
		1A9F327D2056731100DB89CC /* CustomTransitionDemoViewController.m in Sources */ = {isa = PBXBuildFile; fileRef = 1A9F327C2056731100DB89CC /* CustomTransitionDemoViewController.m */; };
		1A9F328420567E6300DB89CC /* CustomTransition.m in Sources */ = {isa = PBXBuildFile; fileRef = 1A9F328320567E6300DB89CC /* CustomTransition.m */; };
		1A9F328720567F1400DB89CC /* DismissAnimator.m in Sources */ = {isa = PBXBuildFile; fileRef = 1A9F328620567F1400DB89CC /* DismissAnimator.m */; };
		1A9F328A20567F3900DB89CC /* PresentAnimator.m in Sources */ = {isa = PBXBuildFile; fileRef = 1A9F328920567F3900DB89CC /* PresentAnimator.m */; };
		1A9F328D20576F4E00DB89CC /* ImageDetailsViewController.m in Sources */ = {isa = PBXBuildFile; fileRef = 1A9F328C20576F4E00DB89CC /* ImageDetailsViewController.m */; };
		1A9F32962057A23A00DB89CC /* CustomPresentationTransition.m in Sources */ = {isa = PBXBuildFile; fileRef = 1A9F32952057A23A00DB89CC /* CustomPresentationTransition.m */; };
		1A9F32992057A5A700DB89CC /* CustomPresentationViewController.m in Sources */ = {isa = PBXBuildFile; fileRef = 1A9F32982057A5A700DB89CC /* CustomPresentationViewController.m */; };
		1AFB53C01FD943F5003BCFA3 /* AppDelegate.m in Sources */ = {isa = PBXBuildFile; fileRef = 1AFB53BF1FD943F5003BCFA3 /* AppDelegate.m */; };
		1AFB53C31FD943F5003BCFA3 /* HomeViewController.m in Sources */ = {isa = PBXBuildFile; fileRef = 1AFB53C21FD943F5003BCFA3 /* HomeViewController.m */; };
		1AFB53C61FD943F5003BCFA3 /* Main.storyboard in Resources */ = {isa = PBXBuildFile; fileRef = 1AFB53C41FD943F5003BCFA3 /* Main.storyboard */; };
		1AFB53C81FD943F5003BCFA3 /* Assets.xcassets in Resources */ = {isa = PBXBuildFile; fileRef = 1AFB53C71FD943F5003BCFA3 /* Assets.xcassets */; };
		1AFB53CB1FD943F5003BCFA3 /* LaunchScreen.storyboard in Resources */ = {isa = PBXBuildFile; fileRef = 1AFB53C91FD943F5003BCFA3 /* LaunchScreen.storyboard */; };
		1AFB53CE1FD943F5003BCFA3 /* main.m in Sources */ = {isa = PBXBuildFile; fileRef = 1AFB53CD1FD943F5003BCFA3 /* main.m */; };
		3438E5EE2053C134007A601F /* TransitionContainerViewController.m in Sources */ = {isa = PBXBuildFile; fileRef = 3438E5ED2053C134007A601F /* TransitionContainerViewController.m */; };
		3438E5F22053DF80007A601F /* PresentingViewController.m in Sources */ = {isa = PBXBuildFile; fileRef = 3438E5F12053DF80007A601F /* PresentingViewController.m */; };
/* End PBXBuildFile section */

/* Begin PBXFileReference section */
		1A76A96D2010970B00935AE4 /* HomeViewController.h */ = {isa = PBXFileReference; fileEncoding = 4; lastKnownFileType = sourcecode.c.h; path = HomeViewController.h; sourceTree = "<group>"; };
		1A76A96F20109A7F00935AE4 /* CustomContainerViewController.h */ = {isa = PBXFileReference; lastKnownFileType = sourcecode.c.h; path = CustomContainerViewController.h; sourceTree = "<group>"; };
		1A76A97020109A7F00935AE4 /* CustomContainerViewController.m */ = {isa = PBXFileReference; lastKnownFileType = sourcecode.c.objc; path = CustomContainerViewController.m; sourceTree = "<group>"; };
		1A9F326E205276E500DB89CC /* CustomChildViewController.h */ = {isa = PBXFileReference; lastKnownFileType = sourcecode.c.h; path = CustomChildViewController.h; sourceTree = "<group>"; };
		1A9F326F205276E500DB89CC /* CustomChildViewController.m */ = {isa = PBXFileReference; lastKnownFileType = sourcecode.c.objc; path = CustomChildViewController.m; sourceTree = "<group>"; };
		1A9F327120561DF100DB89CC /* CurrentPresentedViewController.h */ = {isa = PBXFileReference; lastKnownFileType = sourcecode.c.h; path = CurrentPresentedViewController.h; sourceTree = "<group>"; };
		1A9F327220561DF100DB89CC /* CurrentPresentedViewController.m */ = {isa = PBXFileReference; lastKnownFileType = sourcecode.c.objc; path = CurrentPresentedViewController.m; sourceTree = "<group>"; };
		1A9F327420562F9D00DB89CC /* ContainerViewController.h */ = {isa = PBXFileReference; lastKnownFileType = sourcecode.c.h; path = ContainerViewController.h; sourceTree = "<group>"; };
		1A9F327520562F9D00DB89CC /* ContainerViewController.m */ = {isa = PBXFileReference; lastKnownFileType = sourcecode.c.objc; path = ContainerViewController.m; sourceTree = "<group>"; };
		1A9F3277205652B400DB89CC /* ChildViewController.h */ = {isa = PBXFileReference; lastKnownFileType = sourcecode.c.h; path = ChildViewController.h; sourceTree = "<group>"; };
		1A9F3278205652B400DB89CC /* ChildViewController.m */ = {isa = PBXFileReference; lastKnownFileType = sourcecode.c.objc; path = ChildViewController.m; sourceTree = "<group>"; };
		1A9F327B2056731100DB89CC /* CustomTransitionDemoViewController.h */ = {isa = PBXFileReference; lastKnownFileType = sourcecode.c.h; path = CustomTransitionDemoViewController.h; sourceTree = "<group>"; };
		1A9F327C2056731100DB89CC /* CustomTransitionDemoViewController.m */ = {isa = PBXFileReference; lastKnownFileType = sourcecode.c.objc; path = CustomTransitionDemoViewController.m; sourceTree = "<group>"; };
		1A9F328220567E6300DB89CC /* CustomTransition.h */ = {isa = PBXFileReference; lastKnownFileType = sourcecode.c.h; path = CustomTransition.h; sourceTree = "<group>"; };
		1A9F328320567E6300DB89CC /* CustomTransition.m */ = {isa = PBXFileReference; lastKnownFileType = sourcecode.c.objc; path = CustomTransition.m; sourceTree = "<group>"; };
		1A9F328520567F1400DB89CC /* DismissAnimator.h */ = {isa = PBXFileReference; lastKnownFileType = sourcecode.c.h; path = DismissAnimator.h; sourceTree = "<group>"; };
		1A9F328620567F1400DB89CC /* DismissAnimator.m */ = {isa = PBXFileReference; lastKnownFileType = sourcecode.c.objc; path = DismissAnimator.m; sourceTree = "<group>"; };
		1A9F328820567F3900DB89CC /* PresentAnimator.h */ = {isa = PBXFileReference; lastKnownFileType = sourcecode.c.h; path = PresentAnimator.h; sourceTree = "<group>"; };
		1A9F328920567F3900DB89CC /* PresentAnimator.m */ = {isa = PBXFileReference; lastKnownFileType = sourcecode.c.objc; path = PresentAnimator.m; sourceTree = "<group>"; };
		1A9F328B20576F4E00DB89CC /* ImageDetailsViewController.h */ = {isa = PBXFileReference; lastKnownFileType = sourcecode.c.h; path = ImageDetailsViewController.h; sourceTree = "<group>"; };
		1A9F328C20576F4E00DB89CC /* ImageDetailsViewController.m */ = {isa = PBXFileReference; lastKnownFileType = sourcecode.c.objc; path = ImageDetailsViewController.m; sourceTree = "<group>"; };
		1A9F32942057A23A00DB89CC /* CustomPresentationTransition.h */ = {isa = PBXFileReference; lastKnownFileType = sourcecode.c.h; path = CustomPresentationTransition.h; sourceTree = "<group>"; };
		1A9F32952057A23A00DB89CC /* CustomPresentationTransition.m */ = {isa = PBXFileReference; lastKnownFileType = sourcecode.c.objc; path = CustomPresentationTransition.m; sourceTree = "<group>"; };
		1A9F32972057A5A700DB89CC /* CustomPresentationViewController.h */ = {isa = PBXFileReference; lastKnownFileType = sourcecode.c.h; path = CustomPresentationViewController.h; sourceTree = "<group>"; };
		1A9F32982057A5A700DB89CC /* CustomPresentationViewController.m */ = {isa = PBXFileReference; lastKnownFileType = sourcecode.c.objc; path = CustomPresentationViewController.m; sourceTree = "<group>"; };
		1AFB53BB1FD943F5003BCFA3 /* UIViewControllerDemo.app */ = {isa = PBXFileReference; explicitFileType = wrapper.application; includeInIndex = 0; path = UIViewControllerDemo.app; sourceTree = BUILT_PRODUCTS_DIR; };
		1AFB53BE1FD943F5003BCFA3 /* AppDelegate.h */ = {isa = PBXFileReference; lastKnownFileType = sourcecode.c.h; path = AppDelegate.h; sourceTree = "<group>"; };
		1AFB53BF1FD943F5003BCFA3 /* AppDelegate.m */ = {isa = PBXFileReference; lastKnownFileType = sourcecode.c.objc; path = AppDelegate.m; sourceTree = "<group>"; };
		1AFB53C21FD943F5003BCFA3 /* HomeViewController.m */ = {isa = PBXFileReference; lastKnownFileType = sourcecode.c.objc; path = HomeViewController.m; sourceTree = "<group>"; };
		1AFB53C51FD943F5003BCFA3 /* Base */ = {isa = PBXFileReference; lastKnownFileType = file.storyboard; name = Base; path = Base.lproj/Main.storyboard; sourceTree = "<group>"; };
		1AFB53C71FD943F5003BCFA3 /* Assets.xcassets */ = {isa = PBXFileReference; lastKnownFileType = folder.assetcatalog; path = Assets.xcassets; sourceTree = "<group>"; };
		1AFB53CA1FD943F5003BCFA3 /* Base */ = {isa = PBXFileReference; lastKnownFileType = file.storyboard; name = Base; path = Base.lproj/LaunchScreen.storyboard; sourceTree = "<group>"; };
		1AFB53CC1FD943F5003BCFA3 /* Info.plist */ = {isa = PBXFileReference; lastKnownFileType = text.plist.xml; path = Info.plist; sourceTree = "<group>"; };
		1AFB53CD1FD943F5003BCFA3 /* main.m */ = {isa = PBXFileReference; lastKnownFileType = sourcecode.c.objc; path = main.m; sourceTree = "<group>"; };
		3438E5EC2053C134007A601F /* TransitionContainerViewController.h */ = {isa = PBXFileReference; lastKnownFileType = sourcecode.c.h; path = TransitionContainerViewController.h; sourceTree = "<group>"; };
		3438E5ED2053C134007A601F /* TransitionContainerViewController.m */ = {isa = PBXFileReference; lastKnownFileType = sourcecode.c.objc; path = TransitionContainerViewController.m; sourceTree = "<group>"; };
		3438E5F02053DF80007A601F /* PresentingViewController.h */ = {isa = PBXFileReference; lastKnownFileType = sourcecode.c.h; path = PresentingViewController.h; sourceTree = "<group>"; };
		3438E5F12053DF80007A601F /* PresentingViewController.m */ = {isa = PBXFileReference; lastKnownFileType = sourcecode.c.objc; path = PresentingViewController.m; sourceTree = "<group>"; };
/* End PBXFileReference section */

/* Begin PBXFrameworksBuildPhase section */
		1AFB53B81FD943F5003BCFA3 /* Frameworks */ = {
			isa = PBXFrameworksBuildPhase;
			buildActionMask = 2147483647;
			files = (
			);
			runOnlyForDeploymentPostprocessing = 0;
		};
/* End PBXFrameworksBuildPhase section */

/* Begin PBXGroup section */
		1A76A96E20109A2D00935AE4 /* 自定义容器视图控制器 */ = {
			isa = PBXGroup;
			children = (
				1A76A96F20109A7F00935AE4 /* CustomContainerViewController.h */,
				1A76A97020109A7F00935AE4 /* CustomContainerViewController.m */,
				1A9F326E205276E500DB89CC /* CustomChildViewController.h */,
				1A9F326F205276E500DB89CC /* CustomChildViewController.m */,
			);
			path = "自定义容器视图控制器";
			sourceTree = "<group>";
		};
		1A9F327A205672EA00DB89CC /* 自定义转场动画 */ = {
			isa = PBXGroup;
			children = (
				1A9F328220567E6300DB89CC /* CustomTransition.h */,
				1A9F328320567E6300DB89CC /* CustomTransition.m */,
				1A9F328520567F1400DB89CC /* DismissAnimator.h */,
				1A9F328620567F1400DB89CC /* DismissAnimator.m */,
				1A9F328820567F3900DB89CC /* PresentAnimator.h */,
				1A9F328920567F3900DB89CC /* PresentAnimator.m */,
				1A9F327B2056731100DB89CC /* CustomTransitionDemoViewController.h */,
				1A9F327C2056731100DB89CC /* CustomTransitionDemoViewController.m */,
				1A9F328B20576F4E00DB89CC /* ImageDetailsViewController.h */,
				1A9F328C20576F4E00DB89CC /* ImageDetailsViewController.m */,
			);
			path = "自定义转场动画";
			sourceTree = "<group>";
		};
		1A9F327E20567B0E00DB89CC /* 自定义Presentation Controller */ = {
			isa = PBXGroup;
			children = (
				1A9F32942057A23A00DB89CC /* CustomPresentationTransition.h */,
				1A9F32952057A23A00DB89CC /* CustomPresentationTransition.m */,
				1A9F32972057A5A700DB89CC /* CustomPresentationViewController.h */,
				1A9F32982057A5A700DB89CC /* CustomPresentationViewController.m */,
			);
			path = "自定义Presentation Controller";
			sourceTree = "<group>";
		};
		1AFB53B21FD943F4003BCFA3 = {
			isa = PBXGroup;
			children = (
				1AFB53BD1FD943F5003BCFA3 /* UIViewControllerDemo */,
				1AFB53BC1FD943F5003BCFA3 /* Products */,
			);
			sourceTree = "<group>";
		};
		1AFB53BC1FD943F5003BCFA3 /* Products */ = {
			isa = PBXGroup;
			children = (
				1AFB53BB1FD943F5003BCFA3 /* UIViewControllerDemo.app */,
			);
			name = Products;
			sourceTree = "<group>";
		};
		1AFB53BD1FD943F5003BCFA3 /* UIViewControllerDemo */ = {
			isa = PBXGroup;
			children = (
				1AFB53BE1FD943F5003BCFA3 /* AppDelegate.h */,
				1AFB53BF1FD943F5003BCFA3 /* AppDelegate.m */,
				1A76A96D2010970B00935AE4 /* HomeViewController.h */,
				1AFB53C21FD943F5003BCFA3 /* HomeViewController.m */,
				1A9F327E20567B0E00DB89CC /* 自定义Presentation Controller */,
				1A9F327A205672EA00DB89CC /* 自定义转场动画 */,
				3438E5EF2053DF3F007A601F /* 呈现一个视图控制器 */,
				3438E5EB2053C0A0007A601F /* 子视图控制器之间的转场动画 */,
				1A76A96E20109A2D00935AE4 /* 自定义容器视图控制器 */,
				1AFB53C41FD943F5003BCFA3 /* Main.storyboard */,
				1AFB53C71FD943F5003BCFA3 /* Assets.xcassets */,
				1AFB53C91FD943F5003BCFA3 /* LaunchScreen.storyboard */,
				1AFB53CC1FD943F5003BCFA3 /* Info.plist */,
				1AFB53CD1FD943F5003BCFA3 /* main.m */,
			);
			path = UIViewControllerDemo;
			sourceTree = "<group>";
		};
		3438E5EB2053C0A0007A601F /* 子视图控制器之间的转场动画 */ = {
			isa = PBXGroup;
			children = (
				3438E5EC2053C134007A601F /* TransitionContainerViewController.h */,
				3438E5ED2053C134007A601F /* TransitionContainerViewController.m */,
			);
			path = "子视图控制器之间的转场动画";
			sourceTree = "<group>";
		};
		3438E5EF2053DF3F007A601F /* 呈现一个视图控制器 */ = {
			isa = PBXGroup;
			children = (
				3438E5F02053DF80007A601F /* PresentingViewController.h */,
				3438E5F12053DF80007A601F /* PresentingViewController.m */,
				1A9F327120561DF100DB89CC /* CurrentPresentedViewController.h */,
				1A9F327220561DF100DB89CC /* CurrentPresentedViewController.m */,
				1A9F327420562F9D00DB89CC /* ContainerViewController.h */,
				1A9F327520562F9D00DB89CC /* ContainerViewController.m */,
				1A9F3277205652B400DB89CC /* ChildViewController.h */,
				1A9F3278205652B400DB89CC /* ChildViewController.m */,
			);
			path = "呈现一个视图控制器";
			sourceTree = "<group>";
		};
/* End PBXGroup section */

/* Begin PBXNativeTarget section */
		1AFB53BA1FD943F5003BCFA3 /* UIViewControllerDemo */ = {
			isa = PBXNativeTarget;
			buildConfigurationList = 1AFB53D11FD943F5003BCFA3 /* Build configuration list for PBXNativeTarget "UIViewControllerDemo" */;
			buildPhases = (
				1AFB53B71FD943F5003BCFA3 /* Sources */,
				1AFB53B81FD943F5003BCFA3 /* Frameworks */,
				1AFB53B91FD943F5003BCFA3 /* Resources */,
			);
			buildRules = (
			);
			dependencies = (
			);
			name = UIViewControllerDemo;
			productName = UIViewControllerDemo;
			productReference = 1AFB53BB1FD943F5003BCFA3 /* UIViewControllerDemo.app */;
			productType = "com.apple.product-type.application";
		};
/* End PBXNativeTarget section */

/* Begin PBXProject section */
		1AFB53B31FD943F5003BCFA3 /* Project object */ = {
			isa = PBXProject;
			attributes = {
				LastUpgradeCheck = 0910;
				ORGANIZATIONNAME = "讯心科技";
				TargetAttributes = {
					1AFB53BA1FD943F5003BCFA3 = {
						CreatedOnToolsVersion = 9.1;
						ProvisioningStyle = Manual;
					};
				};
			};
			buildConfigurationList = 1AFB53B61FD943F5003BCFA3 /* Build configuration list for PBXProject "UIViewControllerDemo" */;
			compatibilityVersion = "Xcode 8.0";
			developmentRegion = en;
			hasScannedForEncodings = 0;
			knownRegions = (
				en,
				Base,
			);
			mainGroup = 1AFB53B21FD943F4003BCFA3;
			productRefGroup = 1AFB53BC1FD943F5003BCFA3 /* Products */;
			projectDirPath = "";
			projectRoot = "";
			targets = (
				1AFB53BA1FD943F5003BCFA3 /* UIViewControllerDemo */,
			);
		};
/* End PBXProject section */

/* Begin PBXResourcesBuildPhase section */
		1AFB53B91FD943F5003BCFA3 /* Resources */ = {
			isa = PBXResourcesBuildPhase;
			buildActionMask = 2147483647;
			files = (
				1AFB53CB1FD943F5003BCFA3 /* LaunchScreen.storyboard in Resources */,
				1AFB53C81FD943F5003BCFA3 /* Assets.xcassets in Resources */,
				1AFB53C61FD943F5003BCFA3 /* Main.storyboard in Resources */,
			);
			runOnlyForDeploymentPostprocessing = 0;
		};
/* End PBXResourcesBuildPhase section */

/* Begin PBXSourcesBuildPhase section */
		1AFB53B71FD943F5003BCFA3 /* Sources */ = {
			isa = PBXSourcesBuildPhase;
			buildActionMask = 2147483647;
			files = (
				1AFB53C31FD943F5003BCFA3 /* HomeViewController.m in Sources */,
				1A9F32962057A23A00DB89CC /* CustomPresentationTransition.m in Sources */,
				1AFB53CE1FD943F5003BCFA3 /* main.m in Sources */,
				1A9F327620562F9D00DB89CC /* ContainerViewController.m in Sources */,
				1AFB53C01FD943F5003BCFA3 /* AppDelegate.m in Sources */,
				3438E5EE2053C134007A601F /* TransitionContainerViewController.m in Sources */,
				1A76A97120109A7F00935AE4 /* CustomContainerViewController.m in Sources */,
				1A9F328A20567F3900DB89CC /* PresentAnimator.m in Sources */,
				1A9F3270205276E500DB89CC /* CustomChildViewController.m in Sources */,
				1A9F327D2056731100DB89CC /* CustomTransitionDemoViewController.m in Sources */,
				1A9F3279205652B400DB89CC /* ChildViewController.m in Sources */,
				1A9F328720567F1400DB89CC /* DismissAnimator.m in Sources */,
				1A9F32992057A5A700DB89CC /* CustomPresentationViewController.m in Sources */,
				1A9F327320561DF100DB89CC /* CurrentPresentedViewController.m in Sources */,
				3438E5F22053DF80007A601F /* PresentingViewController.m in Sources */,
				1A9F328420567E6300DB89CC /* CustomTransition.m in Sources */,
				1A9F328D20576F4E00DB89CC /* ImageDetailsViewController.m in Sources */,
			);
			runOnlyForDeploymentPostprocessing = 0;
		};
/* End PBXSourcesBuildPhase section */

/* Begin PBXVariantGroup section */
		1AFB53C41FD943F5003BCFA3 /* Main.storyboard */ = {
			isa = PBXVariantGroup;
			children = (
				1AFB53C51FD943F5003BCFA3 /* Base */,
			);
			name = Main.storyboard;
			sourceTree = "<group>";
		};
		1AFB53C91FD943F5003BCFA3 /* LaunchScreen.storyboard */ = {
			isa = PBXVariantGroup;
			children = (
				1AFB53CA1FD943F5003BCFA3 /* Base */,
			);
			name = LaunchScreen.storyboard;
			sourceTree = "<group>";
		};
/* End PBXVariantGroup section */

/* Begin XCBuildConfiguration section */
		1AFB53CF1FD943F5003BCFA3 /* Debug */ = {
			isa = XCBuildConfiguration;
			buildSettings = {
				ALWAYS_SEARCH_USER_PATHS = NO;
				CLANG_ANALYZER_NONNULL = YES;
				CLANG_ANALYZER_NUMBER_OBJECT_CONVERSION = YES_AGGRESSIVE;
				CLANG_CXX_LANGUAGE_STANDARD = "gnu++14";
				CLANG_CXX_LIBRARY = "libc++";
				CLANG_ENABLE_MODULES = YES;
				CLANG_ENABLE_OBJC_ARC = YES;
				CLANG_WARN_BLOCK_CAPTURE_AUTORELEASING = YES;
				CLANG_WARN_BOOL_CONVERSION = YES;
				CLANG_WARN_COMMA = YES;
				CLANG_WARN_CONSTANT_CONVERSION = YES;
				CLANG_WARN_DIRECT_OBJC_ISA_USAGE = YES_ERROR;
				CLANG_WARN_DOCUMENTATION_COMMENTS = YES;
				CLANG_WARN_EMPTY_BODY = YES;
				CLANG_WARN_ENUM_CONVERSION = YES;
				CLANG_WARN_INFINITE_RECURSION = YES;
				CLANG_WARN_INT_CONVERSION = YES;
				CLANG_WARN_NON_LITERAL_NULL_CONVERSION = YES;
				CLANG_WARN_OBJC_LITERAL_CONVERSION = YES;
				CLANG_WARN_OBJC_ROOT_CLASS = YES_ERROR;
				CLANG_WARN_RANGE_LOOP_ANALYSIS = YES;
				CLANG_WARN_STRICT_PROTOTYPES = YES;
				CLANG_WARN_SUSPICIOUS_MOVE = YES;
				CLANG_WARN_UNGUARDED_AVAILABILITY = YES_AGGRESSIVE;
				CLANG_WARN_UNREACHABLE_CODE = YES;
				CLANG_WARN__DUPLICATE_METHOD_MATCH = YES;
				CODE_SIGN_IDENTITY = "iPhone Developer";
				COPY_PHASE_STRIP = NO;
				DEBUG_INFORMATION_FORMAT = dwarf;
				ENABLE_STRICT_OBJC_MSGSEND = YES;
				ENABLE_TESTABILITY = YES;
				GCC_C_LANGUAGE_STANDARD = gnu11;
				GCC_DYNAMIC_NO_PIC = NO;
				GCC_NO_COMMON_BLOCKS = YES;
				GCC_OPTIMIZATION_LEVEL = 0;
				GCC_PREPROCESSOR_DEFINITIONS = (
					"DEBUG=1",
					"$(inherited)",
				);
				GCC_WARN_64_TO_32_BIT_CONVERSION = YES;
				GCC_WARN_ABOUT_RETURN_TYPE = YES_ERROR;
				GCC_WARN_UNDECLARED_SELECTOR = YES;
				GCC_WARN_UNINITIALIZED_AUTOS = YES_AGGRESSIVE;
				GCC_WARN_UNUSED_FUNCTION = YES;
				GCC_WARN_UNUSED_VARIABLE = YES;
				IPHONEOS_DEPLOYMENT_TARGET = 8.0;
				MTL_ENABLE_DEBUG_INFO = YES;
				ONLY_ACTIVE_ARCH = YES;
				SDKROOT = iphoneos;
			};
			name = Debug;
		};
		1AFB53D01FD943F5003BCFA3 /* Release */ = {
			isa = XCBuildConfiguration;
			buildSettings = {
				ALWAYS_SEARCH_USER_PATHS = NO;
				CLANG_ANALYZER_NONNULL = YES;
				CLANG_ANALYZER_NUMBER_OBJECT_CONVERSION = YES_AGGRESSIVE;
				CLANG_CXX_LANGUAGE_STANDARD = "gnu++14";
				CLANG_CXX_LIBRARY = "libc++";
				CLANG_ENABLE_MODULES = YES;
				CLANG_ENABLE_OBJC_ARC = YES;
				CLANG_WARN_BLOCK_CAPTURE_AUTORELEASING = YES;
				CLANG_WARN_BOOL_CONVERSION = YES;
				CLANG_WARN_COMMA = YES;
				CLANG_WARN_CONSTANT_CONVERSION = YES;
				CLANG_WARN_DIRECT_OBJC_ISA_USAGE = YES_ERROR;
				CLANG_WARN_DOCUMENTATION_COMMENTS = YES;
				CLANG_WARN_EMPTY_BODY = YES;
				CLANG_WARN_ENUM_CONVERSION = YES;
				CLANG_WARN_INFINITE_RECURSION = YES;
				CLANG_WARN_INT_CONVERSION = YES;
				CLANG_WARN_NON_LITERAL_NULL_CONVERSION = YES;
				CLANG_WARN_OBJC_LITERAL_CONVERSION = YES;
				CLANG_WARN_OBJC_ROOT_CLASS = YES_ERROR;
				CLANG_WARN_RANGE_LOOP_ANALYSIS = YES;
				CLANG_WARN_STRICT_PROTOTYPES = YES;
				CLANG_WARN_SUSPICIOUS_MOVE = YES;
				CLANG_WARN_UNGUARDED_AVAILABILITY = YES_AGGRESSIVE;
				CLANG_WARN_UNREACHABLE_CODE = YES;
				CLANG_WARN__DUPLICATE_METHOD_MATCH = YES;
				CODE_SIGN_IDENTITY = "iPhone Developer";
				COPY_PHASE_STRIP = NO;
				DEBUG_INFORMATION_FORMAT = "dwarf-with-dsym";
				ENABLE_NS_ASSERTIONS = NO;
				ENABLE_STRICT_OBJC_MSGSEND = YES;
				GCC_C_LANGUAGE_STANDARD = gnu11;
				GCC_NO_COMMON_BLOCKS = YES;
				GCC_WARN_64_TO_32_BIT_CONVERSION = YES;
				GCC_WARN_ABOUT_RETURN_TYPE = YES_ERROR;
				GCC_WARN_UNDECLARED_SELECTOR = YES;
				GCC_WARN_UNINITIALIZED_AUTOS = YES_AGGRESSIVE;
				GCC_WARN_UNUSED_FUNCTION = YES;
				GCC_WARN_UNUSED_VARIABLE = YES;
				IPHONEOS_DEPLOYMENT_TARGET = 8.0;
				MTL_ENABLE_DEBUG_INFO = NO;
				SDKROOT = iphoneos;
				VALIDATE_PRODUCT = YES;
			};
			name = Release;
		};
		1AFB53D21FD943F5003BCFA3 /* Debug */ = {
			isa = XCBuildConfiguration;
			buildSettings = {
				ASSETCATALOG_COMPILER_APPICON_NAME = AppIcon;
				CODE_SIGN_STYLE = Manual;
				DEVELOPMENT_TEAM = "";
				INFOPLIST_FILE = UIViewControllerDemo/Info.plist;
				IPHONEOS_DEPLOYMENT_TARGET = 8.0;
				LD_RUNPATH_SEARCH_PATHS = "$(inherited) @executable_path/Frameworks";
				PRODUCT_BUNDLE_IDENTIFIER = com.xunxin.UIViewControllerDemo;
				PRODUCT_NAME = "$(TARGET_NAME)";
				PROVISIONING_PROFILE_SPECIFIER = "";
				TARGETED_DEVICE_FAMILY = "1,2";
			};
			name = Debug;
		};
		1AFB53D31FD943F5003BCFA3 /* Release */ = {
			isa = XCBuildConfiguration;
			buildSettings = {
				ASSETCATALOG_COMPILER_APPICON_NAME = AppIcon;
				CODE_SIGN_STYLE = Manual;
				DEVELOPMENT_TEAM = "";
				INFOPLIST_FILE = UIViewControllerDemo/Info.plist;
				IPHONEOS_DEPLOYMENT_TARGET = 8.0;
				LD_RUNPATH_SEARCH_PATHS = "$(inherited) @executable_path/Frameworks";
				PRODUCT_BUNDLE_IDENTIFIER = com.xunxin.UIViewControllerDemo;
				PRODUCT_NAME = "$(TARGET_NAME)";
				PROVISIONING_PROFILE_SPECIFIER = "";
				TARGETED_DEVICE_FAMILY = "1,2";
			};
			name = Release;
		};
/* End XCBuildConfiguration section */

/* Begin XCConfigurationList section */
		1AFB53B61FD943F5003BCFA3 /* Build configuration list for PBXProject "UIViewControllerDemo" */ = {
			isa = XCConfigurationList;
			buildConfigurations = (
				1AFB53CF1FD943F5003BCFA3 /* Debug */,
				1AFB53D01FD943F5003BCFA3 /* Release */,
			);
			defaultConfigurationIsVisible = 0;
			defaultConfigurationName = Release;
		};
		1AFB53D11FD943F5003BCFA3 /* Build configuration list for PBXNativeTarget "UIViewControllerDemo" */ = {
			isa = XCConfigurationList;
			buildConfigurations = (
				1AFB53D21FD943F5003BCFA3 /* Debug */,
				1AFB53D31FD943F5003BCFA3 /* Release */,
			);
			defaultConfigurationIsVisible = 0;
			defaultConfigurationName = Release;
		};
/* End XCConfigurationList section */
	};
	rootObject = 1AFB53B31FD943F5003BCFA3 /* Project object */;
}
